// !$*UTF8*$!
{
	archiveVersion = 1;
	classes = {
	};
	objectVersion = 46;
	objects = {

/* Begin PBXBuildFile section */
		B11CF6CA1994935300E6BD08 /* PNLoginFormViewController.m in Sources */ = {isa = PBXBuildFile; fileRef = B11CF6C91994935300E6BD08 /* PNLoginFormViewController.m */; };
		B11CF6CD199495E500E6BD08 /* PNImageDisplayViewController.m in Sources */ = {isa = PBXBuildFile; fileRef = B11CF6CC199495E500E6BD08 /* PNImageDisplayViewController.m */; };
		B1C469BA1994921300587783 /* Foundation.framework in Frameworks */ = {isa = PBXBuildFile; fileRef = B1C469B91994921300587783 /* Foundation.framework */; };
		B1C469BC1994921300587783 /* CoreGraphics.framework in Frameworks */ = {isa = PBXBuildFile; fileRef = B1C469BB1994921300587783 /* CoreGraphics.framework */; };
		B1C469BE1994921300587783 /* UIKit.framework in Frameworks */ = {isa = PBXBuildFile; fileRef = B1C469BD1994921300587783 /* UIKit.framework */; };
		B1C469C41994921300587783 /* InfoPlist.strings in Resources */ = {isa = PBXBuildFile; fileRef = B1C469C21994921300587783 /* InfoPlist.strings */; };
		B1C469C61994921300587783 /* main.m in Sources */ = {isa = PBXBuildFile; fileRef = B1C469C51994921300587783 /* main.m */; };
		B1C469CA1994921300587783 /* PNAppDelegate.m in Sources */ = {isa = PBXBuildFile; fileRef = B1C469C91994921300587783 /* PNAppDelegate.m */; };
		B1C469CD1994921300587783 /* Main.storyboard in Resources */ = {isa = PBXBuildFile; fileRef = B1C469CB1994921300587783 /* Main.storyboard */; };
		B1C469D01994921300587783 /* PNViewController.m in Sources */ = {isa = PBXBuildFile; fileRef = B1C469CF1994921300587783 /* PNViewController.m */; };
		B1C469D21994921300587783 /* Images.xcassets in Resources */ = {isa = PBXBuildFile; fileRef = B1C469D11994921300587783 /* Images.xcassets */; };
		B1C469D91994921300587783 /* XCTest.framework in Frameworks */ = {isa = PBXBuildFile; fileRef = B1C469D81994921300587783 /* XCTest.framework */; };
		B1C469DA1994921300587783 /* Foundation.framework in Frameworks */ = {isa = PBXBuildFile; fileRef = B1C469B91994921300587783 /* Foundation.framework */; };
		B1C469DB1994921300587783 /* UIKit.framework in Frameworks */ = {isa = PBXBuildFile; fileRef = B1C469BD1994921300587783 /* UIKit.framework */; };
		B1C469E31994921300587783 /* InfoPlist.strings in Resources */ = {isa = PBXBuildFile; fileRef = B1C469E11994921300587783 /* InfoPlist.strings */; };
		B1C469E51994921300587783 /* iOSChallenge1Tests.m in Sources */ = {isa = PBXBuildFile; fileRef = B1C469E41994921300587783 /* iOSChallenge1Tests.m */; };
/* End PBXBuildFile section */

/* Begin PBXContainerItemProxy section */
		B1C469DC1994921300587783 /* PBXContainerItemProxy */ = {
			isa = PBXContainerItemProxy;
			containerPortal = B1C469AE1994921300587783 /* Project object */;
			proxyType = 1;
			remoteGlobalIDString = B1C469B51994921300587783;
			remoteInfo = iOSChallenge1;
		};
/* End PBXContainerItemProxy section */

/* Begin PBXFileReference section */
		B11CF6C81994935300E6BD08 /* PNLoginFormViewController.h */ = {isa = PBXFileReference; fileEncoding = 4; lastKnownFileType = sourcecode.c.h; path = PNLoginFormViewController.h; sourceTree = "<group>"; };
		B11CF6C91994935300E6BD08 /* PNLoginFormViewController.m */ = {isa = PBXFileReference; fileEncoding = 4; lastKnownFileType = sourcecode.c.objc; path = PNLoginFormViewController.m; sourceTree = "<group>"; };
		B11CF6CB199495E500E6BD08 /* PNImageDisplayViewController.h */ = {isa = PBXFileReference; fileEncoding = 4; lastKnownFileType = sourcecode.c.h; path = PNImageDisplayViewController.h; sourceTree = "<group>"; };
		B11CF6CC199495E500E6BD08 /* PNImageDisplayViewController.m */ = {isa = PBXFileReference; fileEncoding = 4; lastKnownFileType = sourcecode.c.objc; path = PNImageDisplayViewController.m; sourceTree = "<group>"; };
		B1C469B61994921300587783 /* iOSChallenge1.app */ = {isa = PBXFileReference; explicitFileType = wrapper.application; includeInIndex = 0; path = iOSChallenge1.app; sourceTree = BUILT_PRODUCTS_DIR; };
		B1C469B91994921300587783 /* Foundation.framework */ = {isa = PBXFileReference; lastKnownFileType = wrapper.framework; name = Foundation.framework; path = System/Library/Frameworks/Foundation.framework; sourceTree = SDKROOT; };
		B1C469BB1994921300587783 /* CoreGraphics.framework */ = {isa = PBXFileReference; lastKnownFileType = wrapper.framework; name = CoreGraphics.framework; path = System/Library/Frameworks/CoreGraphics.framework; sourceTree = SDKROOT; };
		B1C469BD1994921300587783 /* UIKit.framework */ = {isa = PBXFileReference; lastKnownFileType = wrapper.framework; name = UIKit.framework; path = System/Library/Frameworks/UIKit.framework; sourceTree = SDKROOT; };
		B1C469C11994921300587783 /* iOSChallenge1-Info.plist */ = {isa = PBXFileReference; lastKnownFileType = text.plist.xml; path = "iOSChallenge1-Info.plist"; sourceTree = "<group>"; };
		B1C469C31994921300587783 /* en */ = {isa = PBXFileReference; lastKnownFileType = text.plist.strings; name = en; path = en.lproj/InfoPlist.strings; sourceTree = "<group>"; };
		B1C469C51994921300587783 /* main.m */ = {isa = PBXFileReference; lastKnownFileType = sourcecode.c.objc; path = main.m; sourceTree = "<group>"; };
		B1C469C71994921300587783 /* iOSChallenge1-Prefix.pch */ = {isa = PBXFileReference; lastKnownFileType = sourcecode.c.h; path = "iOSChallenge1-Prefix.pch"; sourceTree = "<group>"; };
		B1C469C81994921300587783 /* PNAppDelegate.h */ = {isa = PBXFileReference; lastKnownFileType = sourcecode.c.h; path = PNAppDelegate.h; sourceTree = "<group>"; };
		B1C469C91994921300587783 /* PNAppDelegate.m */ = {isa = PBXFileReference; lastKnownFileType = sourcecode.c.objc; path = PNAppDelegate.m; sourceTree = "<group>"; };
		B1C469CC1994921300587783 /* Base */ = {isa = PBXFileReference; lastKnownFileType = file.storyboard; name = Base; path = Base.lproj/Main.storyboard; sourceTree = "<group>"; };
		B1C469CE1994921300587783 /* PNViewController.h */ = {isa = PBXFileReference; lastKnownFileType = sourcecode.c.h; path = PNViewController.h; sourceTree = "<group>"; };
		B1C469CF1994921300587783 /* PNViewController.m */ = {isa = PBXFileReference; lastKnownFileType = sourcecode.c.objc; path = PNViewController.m; sourceTree = "<group>"; };
		B1C469D11994921300587783 /* Images.xcassets */ = {isa = PBXFileReference; lastKnownFileType = folder.assetcatalog; path = Images.xcassets; sourceTree = "<group>"; };
		B1C469D71994921300587783 /* iOSChallenge1Tests.xctest */ = {isa = PBXFileReference; explicitFileType = wrapper.cfbundle; includeInIndex = 0; path = iOSChallenge1Tests.xctest; sourceTree = BUILT_PRODUCTS_DIR; };
		B1C469D81994921300587783 /* XCTest.framework */ = {isa = PBXFileReference; lastKnownFileType = wrapper.framework; name = XCTest.framework; path = Library/Frameworks/XCTest.framework; sourceTree = DEVELOPER_DIR; };
		B1C469E01994921300587783 /* iOSChallenge1Tests-Info.plist */ = {isa = PBXFileReference; lastKnownFileType = text.plist.xml; path = "iOSChallenge1Tests-Info.plist"; sourceTree = "<group>"; };
		B1C469E21994921300587783 /* en */ = {isa = PBXFileReference; lastKnownFileType = text.plist.strings; name = en; path = en.lproj/InfoPlist.strings; sourceTree = "<group>"; };
		B1C469E41994921300587783 /* iOSChallenge1Tests.m */ = {isa = PBXFileReference; lastKnownFileType = sourcecode.c.objc; path = iOSChallenge1Tests.m; sourceTree = "<group>"; };
/* End PBXFileReference section */

/* Begin PBXFrameworksBuildPhase section */
		B1C469B31994921300587783 /* Frameworks */ = {
			isa = PBXFrameworksBuildPhase;
			buildActionMask = 2147483647;
			files = (
				B1C469BC1994921300587783 /* CoreGraphics.framework in Frameworks */,
				B1C469BE1994921300587783 /* UIKit.framework in Frameworks */,
				B1C469BA1994921300587783 /* Foundation.framework in Frameworks */,
			);
			runOnlyForDeploymentPostprocessing = 0;
		};
		B1C469D41994921300587783 /* Frameworks */ = {
			isa = PBXFrameworksBuildPhase;
			buildActionMask = 2147483647;
			files = (
				B1C469D91994921300587783 /* XCTest.framework in Frameworks */,
				B1C469DB1994921300587783 /* UIKit.framework in Frameworks */,
				B1C469DA1994921300587783 /* Foundation.framework in Frameworks */,
			);
			runOnlyForDeploymentPostprocessing = 0;
		};
/* End PBXFrameworksBuildPhase section */

/* Begin PBXGroup section */
		B1C469AD1994921300587783 = {
			isa = PBXGroup;
			children = (
				B1C469BF1994921300587783 /* iOSChallenge1 */,
				B1C469DE1994921300587783 /* iOSChallenge1Tests */,
				B1C469B81994921300587783 /* Frameworks */,
				B1C469B71994921300587783 /* Products */,
			);
			sourceTree = "<group>";
		};
		B1C469B71994921300587783 /* Products */ = {
			isa = PBXGroup;
			children = (
				B1C469B61994921300587783 /* iOSChallenge1.app */,
				B1C469D71994921300587783 /* iOSChallenge1Tests.xctest */,
			);
			name = Products;
			sourceTree = "<group>";
		};
		B1C469B81994921300587783 /* Frameworks */ = {
			isa = PBXGroup;
			children = (
				B1C469B91994921300587783 /* Foundation.framework */,
				B1C469BB1994921300587783 /* CoreGraphics.framework */,
				B1C469BD1994921300587783 /* UIKit.framework */,
				B1C469D81994921300587783 /* XCTest.framework */,
			);
			name = Frameworks;
			sourceTree = "<group>";
		};
		B1C469BF1994921300587783 /* iOSChallenge1 */ = {
			isa = PBXGroup;
			children = (
				B1C469C81994921300587783 /* PNAppDelegate.h */,
				B1C469C91994921300587783 /* PNAppDelegate.m */,
				B1C469EE1994921F00587783 /* View */,
				B1C469EF1994922500587783 /* Controller */,
				B1C469D11994921300587783 /* Images.xcassets */,
				B1C469C01994921300587783 /* Supporting Files */,
			);
			path = iOSChallenge1;
			sourceTree = "<group>";
		};
		B1C469C01994921300587783 /* Supporting Files */ = {
			isa = PBXGroup;
			children = (
				B1C469C11994921300587783 /* iOSChallenge1-Info.plist */,
				B1C469C21994921300587783 /* InfoPlist.strings */,
				B1C469C51994921300587783 /* main.m */,
				B1C469C71994921300587783 /* iOSChallenge1-Prefix.pch */,
			);
			name = "Supporting Files";
			sourceTree = "<group>";
		};
		B1C469DE1994921300587783 /* iOSChallenge1Tests */ = {
			isa = PBXGroup;
			children = (
				B1C469E41994921300587783 /* iOSChallenge1Tests.m */,
				B1C469DF1994921300587783 /* Supporting Files */,
			);
			path = iOSChallenge1Tests;
			sourceTree = "<group>";
		};
		B1C469DF1994921300587783 /* Supporting Files */ = {
			isa = PBXGroup;
			children = (
				B1C469E01994921300587783 /* iOSChallenge1Tests-Info.plist */,
				B1C469E11994921300587783 /* InfoPlist.strings */,
			);
			name = "Supporting Files";
			sourceTree = "<group>";
		};
		B1C469EE1994921F00587783 /* View */ = {
			isa = PBXGroup;
			children = (
				B1C469CB1994921300587783 /* Main.storyboard */,
			);
			name = View;
			sourceTree = "<group>";
		};
		B1C469EF1994922500587783 /* Controller */ = {
			isa = PBXGroup;
			children = (
				B1C469CE1994921300587783 /* PNViewController.h */,
				B1C469CF1994921300587783 /* PNViewController.m */,
				B11CF6C81994935300E6BD08 /* PNLoginFormViewController.h */,
				B11CF6C91994935300E6BD08 /* PNLoginFormViewController.m */,
				B11CF6CB199495E500E6BD08 /* PNImageDisplayViewController.h */,
				B11CF6CC199495E500E6BD08 /* PNImageDisplayViewController.m */,
			);
			name = Controller;
			sourceTree = "<group>";
		};
/* End PBXGroup section */

/* Begin PBXNativeTarget section */
		B1C469B51994921300587783 /* iOSChallenge1 */ = {
			isa = PBXNativeTarget;
			buildConfigurationList = B1C469E81994921300587783 /* Build configuration list for PBXNativeTarget "iOSChallenge1" */;
			buildPhases = (
				B1C469B21994921300587783 /* Sources */,
				B1C469B31994921300587783 /* Frameworks */,
				B1C469B41994921300587783 /* Resources */,
			);
			buildRules = (
			);
			dependencies = (
			);
			name = iOSChallenge1;
			productName = iOSChallenge1;
			productReference = B1C469B61994921300587783 /* iOSChallenge1.app */;
			productType = "com.apple.product-type.application";
		};
		B1C469D61994921300587783 /* iOSChallenge1Tests */ = {
			isa = PBXNativeTarget;
			buildConfigurationList = B1C469EB1994921300587783 /* Build configuration list for PBXNativeTarget "iOSChallenge1Tests" */;
			buildPhases = (
				B1C469D31994921300587783 /* Sources */,
				B1C469D41994921300587783 /* Frameworks */,
				B1C469D51994921300587783 /* Resources */,
			);
			buildRules = (
			);
			dependencies = (
				B1C469DD1994921300587783 /* PBXTargetDependency */,
			);
			name = iOSChallenge1Tests;
			productName = iOSChallenge1Tests;
			productReference = B1C469D71994921300587783 /* iOSChallenge1Tests.xctest */;
			productType = "com.apple.product-type.bundle.unit-test";
		};
/* End PBXNativeTarget section */

/* Begin PBXProject section */
		B1C469AE1994921300587783 /* Project object */ = {
			isa = PBXProject;
			attributes = {
				CLASSPREFIX = PN;
				LastUpgradeCheck = 0510;
				ORGANIZATIONNAME = "Phil Nichols";
				TargetAttributes = {
					B1C469D61994921300587783 = {
						TestTargetID = B1C469B51994921300587783;
					};
				};
			};
			buildConfigurationList = B1C469B11994921300587783 /* Build configuration list for PBXProject "iOSChallenge1" */;
			compatibilityVersion = "Xcode 3.2";
			developmentRegion = English;
			hasScannedForEncodings = 0;
			knownRegions = (
				en,
				Base,
			);
			mainGroup = B1C469AD1994921300587783;
			productRefGroup = B1C469B71994921300587783 /* Products */;
			projectDirPath = "";
			projectRoot = "";
			targets = (
				B1C469B51994921300587783 /* iOSChallenge1 */,
				B1C469D61994921300587783 /* iOSChallenge1Tests */,
			);
		};
/* End PBXProject section */

/* Begin PBXResourcesBuildPhase section */
		B1C469B41994921300587783 /* Resources */ = {
			isa = PBXResourcesBuildPhase;
			buildActionMask = 2147483647;
			files = (
				B1C469D21994921300587783 /* Images.xcassets in Resources */,
				B1C469C41994921300587783 /* InfoPlist.strings in Resources */,
				B1C469CD1994921300587783 /* Main.storyboard in Resources */,
			);
			runOnlyForDeploymentPostprocessing = 0;
		};
		B1C469D51994921300587783 /* Resources */ = {
			isa = PBXResourcesBuildPhase;
			buildActionMask = 2147483647;
			files = (
				B1C469E31994921300587783 /* InfoPlist.strings in Resources */,
			);
			runOnlyForDeploymentPostprocessing = 0;
		};
/* End PBXResourcesBuildPhase section */

/* Begin PBXSourcesBuildPhase section */
		B1C469B21994921300587783 /* Sources */ = {
			isa = PBXSourcesBuildPhase;
			buildActionMask = 2147483647;
			files = (
				B11CF6CA1994935300E6BD08 /* PNLoginFormViewController.m in Sources */,
				B1C469CA1994921300587783 /* PNAppDelegate.m in Sources */,
				B1C469D01994921300587783 /* PNViewController.m in Sources */,
				B1C469C61994921300587783 /* main.m in Sources */,
				B11CF6CD199495E500E6BD08 /* PNImageDisplayViewController.m in Sources */,
			);
			runOnlyForDeploymentPostprocessing = 0;
		};
		B1C469D31994921300587783 /* Sources */ = {
			isa = PBXSourcesBuildPhase;
			buildActionMask = 2147483647;
			files = (
				B1C469E51994921300587783 /* iOSChallenge1Tests.m in Sources */,
			);
			runOnlyForDeploymentPostprocessing = 0;
		};
/* End PBXSourcesBuildPhase section */

/* Begin PBXTargetDependency section */
		B1C469DD1994921300587783 /* PBXTargetDependency */ = {
			isa = PBXTargetDependency;
			target = B1C469B51994921300587783 /* iOSChallenge1 */;
			targetProxy = B1C469DC1994921300587783 /* PBXContainerItemProxy */;
		};
/* End PBXTargetDependency section */

/* Begin PBXVariantGroup section */
		B1C469C21994921300587783 /* InfoPlist.strings */ = {
			isa = PBXVariantGroup;
			children = (
				B1C469C31994921300587783 /* en */,
			);
			name = InfoPlist.strings;
			sourceTree = "<group>";
		};
		B1C469CB1994921300587783 /* Main.storyboard */ = {
			isa = PBXVariantGroup;
			children = (
				B1C469CC1994921300587783 /* Base */,
			);
			name = Main.storyboard;
			sourceTree = "<group>";
		};
		B1C469E11994921300587783 /* InfoPlist.strings */ = {
			isa = PBXVariantGroup;
			children = (
				B1C469E21994921300587783 /* en */,
			);
			name = InfoPlist.strings;
			sourceTree = "<group>";
		};
/* End PBXVariantGroup section */

/* Begin XCBuildConfiguration section */
		B1C469E61994921300587783 /* Debug */ = {
			isa = XCBuildConfiguration;
			buildSettings = {
				ALWAYS_SEARCH_USER_PATHS = NO;
				CLANG_CXX_LANGUAGE_STANDARD = "gnu++0x";
				CLANG_CXX_LIBRARY = "libc++";
				CLANG_ENABLE_MODULES = YES;
				CLANG_ENABLE_OBJC_ARC = YES;
				CLANG_WARN_BOOL_CONVERSION = YES;
				CLANG_WARN_CONSTANT_CONVERSION = YES;
				CLANG_WARN_DIRECT_OBJC_ISA_USAGE = YES_ERROR;
				CLANG_WARN_EMPTY_BODY = YES;
				CLANG_WARN_ENUM_CONVERSION = YES;
				CLANG_WARN_INT_CONVERSION = YES;
				CLANG_WARN_OBJC_ROOT_CLASS = YES_ERROR;
				CLANG_WARN__DUPLICATE_METHOD_MATCH = YES;
				"CODE_SIGN_IDENTITY[sdk=iphoneos*]" = "iPhone Developer";
				COPY_PHASE_STRIP = NO;
				GCC_C_LANGUAGE_STANDARD = gnu99;
				GCC_DYNAMIC_NO_PIC = NO;
				GCC_OPTIMIZATION_LEVEL = 0;
				GCC_PREPROCESSOR_DEFINITIONS = (
					"DEBUG=1",
					"$(inherited)",
				);
				GCC_SYMBOLS_PRIVATE_EXTERN = NO;
				GCC_WARN_64_TO_32_BIT_CONVERSION = YES;
				GCC_WARN_ABOUT_RETURN_TYPE = YES_ERROR;
				GCC_WARN_UNDECLARED_SELECTOR = YES;
				GCC_WARN_UNINITIALIZED_AUTOS = YES_AGGRESSIVE;
				GCC_WARN_UNUSED_FUNCTION = YES;
				GCC_WARN_UNUSED_VARIABLE = YES;
				IPHONEOS_DEPLOYMENT_TARGET = 7.1;
				ONLY_ACTIVE_ARCH = YES;
				SDKROOT = iphoneos;
			};
			name = Debug;
		};
		B1C469E71994921300587783 /* Release */ = {
			isa = XCBuildConfiguration;
			buildSettings = {
				ALWAYS_SEARCH_USER_PATHS = NO;
				CLANG_CXX_LANGUAGE_STANDARD = "gnu++0x";
				CLANG_CXX_LIBRARY = "libc++";
				CLANG_ENABLE_MODULES = YES;
				CLANG_ENABLE_OBJC_ARC = YES;
				CLANG_WARN_BOOL_CONVERSION = YES;
				CLANG_WARN_CONSTANT_CONVERSION = YES;
				CLANG_WARN_DIRECT_OBJC_ISA_USAGE = YES_ERROR;
				CLANG_WARN_EMPTY_BODY = YES;
				CLANG_WARN_ENUM_CONVERSION = YES;
				CLANG_WARN_INT_CONVERSION = YES;
				CLANG_WARN_OBJC_ROOT_CLASS = YES_ERROR;
				CLANG_WARN__DUPLICATE_METHOD_MATCH = YES;
				"CODE_SIGN_IDENTITY[sdk=iphoneos*]" = "iPhone Developer";
				COPY_PHASE_STRIP = YES;
				ENABLE_NS_ASSERTIONS = NO;
				GCC_C_LANGUAGE_STANDARD = gnu99;
				GCC_WARN_64_TO_32_BIT_CONVERSION = YES;
				GCC_WARN_ABOUT_RETURN_TYPE = YES_ERROR;
				GCC_WARN_UNDECLARED_SELECTOR = YES;
				GCC_WARN_UNINITIALIZED_AUTOS = YES_AGGRESSIVE;
				GCC_WARN_UNUSED_FUNCTION = YES;
				GCC_WARN_UNUSED_VARIABLE = YES;
				IPHONEOS_DEPLOYMENT_TARGET = 7.1;
				SDKROOT = iphoneos;
				VALIDATE_PRODUCT = YES;
			};
			name = Release;
		};
		B1C469E91994921300587783 /* Debug */ = {
			isa = XCBuildConfiguration;
			buildSettings = {
				ASSETCATALOG_COMPILER_APPICON_NAME = AppIcon;
				ASSETCATALOG_COMPILER_LAUNCHIMAGE_NAME = LaunchImage;
				GCC_PRECOMPILE_PREFIX_HEADER = YES;
				GCC_PREFIX_HEADER = "iOSChallenge1/iOSChallenge1-Prefix.pch";
				INFOPLIST_FILE = "iOSChallenge1/iOSChallenge1-Info.plist";
				PRODUCT_NAME = "$(TARGET_NAME)";
				WRAPPER_EXTENSION = app;
			};
			name = Debug;
		};
		B1C469EA1994921300587783 /* Release */ = {
			isa = XCBuildConfiguration;
			buildSettings = {
				ASSETCATALOG_COMPILER_APPICON_NAME = AppIcon;
				ASSETCATALOG_COMPILER_LAUNCHIMAGE_NAME = LaunchImage;
				GCC_PRECOMPILE_PREFIX_HEADER = YES;
				GCC_PREFIX_HEADER = "iOSChallenge1/iOSChallenge1-Prefix.pch";
				INFOPLIST_FILE = "iOSChallenge1/iOSChallenge1-Info.plist";
				PRODUCT_NAME = "$(TARGET_NAME)";
				WRAPPER_EXTENSION = app;
			};
			name = Release;
		};
		B1C469EC1994921300587783 /* Debug */ = {
			isa = XCBuildConfiguration;
			buildSettings = {
				BUNDLE_LOADER = "$(BUILT_PRODUCTS_DIR)/iOSChallenge1.app/iOSChallenge1";
				FRAMEWORK_SEARCH_PATHS = (
					"$(SDKROOT)/Developer/Library/Frameworks",
					"$(inherited)",
					"$(DEVELOPER_FRAMEWORKS_DIR)",
				);
				GCC_PRECOMPILE_PREFIX_HEADER = YES;
				GCC_PREFIX_HEADER = "iOSChallenge1/iOSChallenge1-Prefix.pch";
				GCC_PREPROCESSOR_DEFINITIONS = (
					"DEBUG=1",
					"$(inherited)",
				);
				INFOPLIST_FILE = "iOSChallenge1Tests/iOSChallenge1Tests-Info.plist";
				PRODUCT_NAME = "$(TARGET_NAME)";
				TEST_HOST = "$(BUNDLE_LOADER)";
				WRAPPER_EXTENSION = xctest;
			};
			name = Debug;
		};
		B1C469ED1994921300587783 /* Release */ = {
			isa = XCBuildConfiguration;
			buildSettings = {
				BUNDLE_LOADER = "$(BUILT_PRODUCTS_DIR)/iOSChallenge1.app/iOSChallenge1";
				FRAMEWORK_SEARCH_PATHS = (
					"$(SDKROOT)/Developer/Library/Frameworks",
					"$(inherited)",
					"$(DEVELOPER_FRAMEWORKS_DIR)",
				);
				GCC_PRECOMPILE_PREFIX_HEADER = YES;
				GCC_PREFIX_HEADER = "iOSChallenge1/iOSChallenge1-Prefix.pch";
				INFOPLIST_FILE = "iOSChallenge1Tests/iOSChallenge1Tests-Info.plist";
				PRODUCT_NAME = "$(TARGET_NAME)";
				TEST_HOST = "$(BUNDLE_LOADER)";
				WRAPPER_EXTENSION = xctest;
			};
			name = Release;
		};
/* End XCBuildConfiguration section */

/* Begin XCConfigurationList section */
		B1C469B11994921300587783 /* Build configuration list for PBXProject "iOSChallenge1" */ = {
			isa = XCConfigurationList;
			buildConfigurations = (
				B1C469E61994921300587783 /* Debug */,
				B1C469E71994921300587783 /* Release */,
			);
			defaultConfigurationIsVisible = 0;
			defaultConfigurationName = Release;
		};
		B1C469E81994921300587783 /* Build configuration list for PBXNativeTarget "iOSChallenge1" */ = {
			isa = XCConfigurationList;
			buildConfigurations = (
				B1C469E91994921300587783 /* Debug */,
				B1C469EA1994921300587783 /* Release */,
			);
			defaultConfigurationIsVisible = 0;
			defaultConfigurationName = Release;
		};
		B1C469EB1994921300587783 /* Build configuration list for PBXNativeTarget "iOSChallenge1Tests" */ = {
			isa = XCConfigurationList;
			buildConfigurations = (
				B1C469EC1994921300587783 /* Debug */,
				B1C469ED1994921300587783 /* Release */,
			);
			defaultConfigurationIsVisible = 0;
			defaultConfigurationName = Release;
		};
/* End XCConfigurationList section */
	};
	rootObject = B1C469AE1994921300587783 /* Project object */;
}
